{
  "name": "node",
  "lockfileVersion": 3,
  "requires": true,
  "packages": {
    "": {
      "dependencies": {
        "crypto-js": "^4.1.1",
        "molly-js": "^1.2.22",
        "ws": "^8.13.0"
      }
    },
    "node_modules/crypto-js": {
      "version": "4.1.1",
      "resolved": "https://registry.npmjs.org/crypto-js/-/crypto-js-4.1.1.tgz",
      "integrity": "sha512-o2JlM7ydqd3Qk9CA0L4NL6mTzU2sdx96a+oOfPu8Mkl/PK51vSyoi8/rQ8NknZtk44vq15lmhAj9CIAGwgeWKw=="
    },
    "node_modules/molly-fetch": {
      "version": "1.1.12",
      "resolved": "https://registry.npmjs.org/molly-fetch/-/molly-fetch-1.1.12.tgz",
      "integrity": "sha512-7OY8H61CHs+gKrynQxvgzLBdR36xBhZZeUulAwpZP3xOv8mMAo3p+Vj7VjE71HFbIgfoLQJCZd8/wzlEWn1Rag=="
    },
    "node_modules/molly-js": {
      "version": "1.2.22",
      "resolved": "https://registry.npmjs.org/molly-js/-/molly-js-1.2.22.tgz",
      "integrity": "sha512-qbZ99PuJb1j1GxHF9t8S0MD3D18TImfbH7nt71PKrjf9I4hS8r3Kb4tYkdhGkZ8SY2J2wFUvnu1n3TNDLpOEBQ==",
      "dependencies": {
        "molly-fetch": "^1.1.11"
      }
    },
    "node_modules/ws": {
      "version": "8.13.0",
      "resolved": "https://registry.npmjs.org/ws/-/ws-8.13.0.tgz",
      "integrity": "sha512-x9vcZYTrFPC7aSIbj7sRCYo7L/Xb8Iy+pW0ng0wt2vCJv7M9HOMy0UoN3rr+IFC7hb7vXoqS+P9ktyLLLhO+LA==",
      "engines": {
        "node": ">=10.0.0"
      },
      "peerDependencies": {
        "bufferutil": "^4.0.1",
        "utf-8-validate": ">=5.0.2"
      },
      "peerDependenciesMeta": {
        "bufferutil": {
          "optional": true
        },
        "utf-8-validate": {
          "optional": true
        }
      }
    }
  }
}
